// !$*UTF8*$!
{
	archiveVersion = 1;
	classes = {
	};
	objectVersion = 56;
	objects = {

/* Begin PBXBuildFile section */
		8B2A6F1D29B8B8EB006BF7B9 /* ProfileImageService.swift in Sources */ = {isa = PBXBuildFile; fileRef = 8B2A6F1C29B8B8EB006BF7B9 /* ProfileImageService.swift */; };
		8B2A6F1F29B8B950006BF7B9 /* UserResult.swift in Sources */ = {isa = PBXBuildFile; fileRef = 8B2A6F1E29B8B950006BF7B9 /* UserResult.swift */; };
		8B2A6F2129B9FAC9006BF7B9 /* URLSessionExtension.swift in Sources */ = {isa = PBXBuildFile; fileRef = 8B2A6F2029B9FAC9006BF7B9 /* URLSessionExtension.swift */; };
		8B5B450629B25B3200861C96 /* ProgressHUD in Frameworks */ = {isa = PBXBuildFile; productRef = 8B5B450529B25B3200861C96 /* ProgressHUD */; };
		8B6AF14729AE7E9700D58BB4 /* Constants.swift in Sources */ = {isa = PBXBuildFile; fileRef = 8B6AF14629AE7E9700D58BB4 /* Constants.swift */; };
		8B6AF14929AF8D0500D58BB4 /* AuthViewController.swift in Sources */ = {isa = PBXBuildFile; fileRef = 8B6AF14829AF8D0500D58BB4 /* AuthViewController.swift */; };
		8B6AF14C29AF8E0B00D58BB4 /* WebViewViewController.swift in Sources */ = {isa = PBXBuildFile; fileRef = 8B6AF14B29AF8E0B00D58BB4 /* WebViewViewController.swift */; };
		8B6AF15229B0A4B400D58BB4 /* OAuthTokenResponseBody.swift in Sources */ = {isa = PBXBuildFile; fileRef = 8B6AF15129B0A4B400D58BB4 /* OAuthTokenResponseBody.swift */; };
		8B6AF15429B0A5A400D58BB4 /* OAuth2Service.swift in Sources */ = {isa = PBXBuildFile; fileRef = 8B6AF15329B0A5A400D58BB4 /* OAuth2Service.swift */; };
		8B86341929868094007113A4 /* AppDelegate.swift in Sources */ = {isa = PBXBuildFile; fileRef = 8B86341829868094007113A4 /* AppDelegate.swift */; };
		8B86341B29868094007113A4 /* SceneDelegate.swift in Sources */ = {isa = PBXBuildFile; fileRef = 8B86341A29868094007113A4 /* SceneDelegate.swift */; };
		8B86341D29868094007113A4 /* ImagesListViewController.swift in Sources */ = {isa = PBXBuildFile; fileRef = 8B86341C29868094007113A4 /* ImagesListViewController.swift */; };
		8B86342029868094007113A4 /* Main.storyboard in Resources */ = {isa = PBXBuildFile; fileRef = 8B86341E29868094007113A4 /* Main.storyboard */; };
		8B86342229868094007113A4 /* Assets.xcassets in Resources */ = {isa = PBXBuildFile; fileRef = 8B86342129868094007113A4 /* Assets.xcassets */; };
		8B86342529868094007113A4 /* LaunchScreen.storyboard in Resources */ = {isa = PBXBuildFile; fileRef = 8B86342329868094007113A4 /* LaunchScreen.storyboard */; };
		8B96108F298C3AA80017A9D8 /* ProfileViewController.swift in Sources */ = {isa = PBXBuildFile; fileRef = 8B96108E298C3AA80017A9D8 /* ProfileViewController.swift */; };
		8BAC7B3C298C10D700C9BAC0 /* ImagesListCell.swift in Sources */ = {isa = PBXBuildFile; fileRef = 8BAC7B3B298C10D700C9BAC0 /* ImagesListCell.swift */; };
		8BCE15D029B4C4660087544B /* UIBlockingProgressHUD.swift in Sources */ = {isa = PBXBuildFile; fileRef = 8BCE15CF29B4C4660087544B /* UIBlockingProgressHUD.swift */; };
		8BD91F3029B1C3B5008C669D /* OAuth2TokenStorage.swift in Sources */ = {isa = PBXBuildFile; fileRef = 8BD91F2F29B1C3B5008C669D /* OAuth2TokenStorage.swift */; };
		8BD91F3329B2259E008C669D /* SplashViewController.swift in Sources */ = {isa = PBXBuildFile; fileRef = 8BD91F3229B2259E008C669D /* SplashViewController.swift */; };
		8BF278F929B4FD60002B97BD /* ProfileService.swift in Sources */ = {isa = PBXBuildFile; fileRef = 8BF278F829B4FD60002B97BD /* ProfileService.swift */; };
		8BF278FB29B4FDAA002B97BD /* ProfileResult.swift in Sources */ = {isa = PBXBuildFile; fileRef = 8BF278FA29B4FDAA002B97BD /* ProfileResult.swift */; };
		8BF278FD29B4FF63002B97BD /* Profile.swift in Sources */ = {isa = PBXBuildFile; fileRef = 8BF278FC29B4FF63002B97BD /* Profile.swift */; };
		8BFE9D5E298ECFEC00A60E57 /* SingleImageViewController.swift in Sources */ = {isa = PBXBuildFile; fileRef = 8BFE9D5D298ECFEC00A60E57 /* SingleImageViewController.swift */; };
/* End PBXBuildFile section */

/* Begin PBXFileReference section */
		8B2A6F1C29B8B8EB006BF7B9 /* ProfileImageService.swift */ = {isa = PBXFileReference; lastKnownFileType = sourcecode.swift; path = ProfileImageService.swift; sourceTree = "<group>"; };
		8B2A6F1E29B8B950006BF7B9 /* UserResult.swift */ = {isa = PBXFileReference; lastKnownFileType = sourcecode.swift; path = UserResult.swift; sourceTree = "<group>"; };
		8B2A6F2029B9FAC9006BF7B9 /* URLSessionExtension.swift */ = {isa = PBXFileReference; lastKnownFileType = sourcecode.swift; path = URLSessionExtension.swift; sourceTree = "<group>"; };
		8B6AF14629AE7E9700D58BB4 /* Constants.swift */ = {isa = PBXFileReference; lastKnownFileType = sourcecode.swift; path = Constants.swift; sourceTree = "<group>"; };
		8B6AF14829AF8D0500D58BB4 /* AuthViewController.swift */ = {isa = PBXFileReference; lastKnownFileType = sourcecode.swift; path = AuthViewController.swift; sourceTree = "<group>"; };
		8B6AF14B29AF8E0B00D58BB4 /* WebViewViewController.swift */ = {isa = PBXFileReference; lastKnownFileType = sourcecode.swift; path = WebViewViewController.swift; sourceTree = "<group>"; };
		8B6AF15129B0A4B400D58BB4 /* OAuthTokenResponseBody.swift */ = {isa = PBXFileReference; lastKnownFileType = sourcecode.swift; path = OAuthTokenResponseBody.swift; sourceTree = "<group>"; };
		8B6AF15329B0A5A400D58BB4 /* OAuth2Service.swift */ = {isa = PBXFileReference; lastKnownFileType = sourcecode.swift; path = OAuth2Service.swift; sourceTree = "<group>"; };
		8B86341529868094007113A4 /* YP-ImageFeed.app */ = {isa = PBXFileReference; explicitFileType = wrapper.application; includeInIndex = 0; path = "YP-ImageFeed.app"; sourceTree = BUILT_PRODUCTS_DIR; };
		8B86341829868094007113A4 /* AppDelegate.swift */ = {isa = PBXFileReference; lastKnownFileType = sourcecode.swift; path = AppDelegate.swift; sourceTree = "<group>"; };
		8B86341A29868094007113A4 /* SceneDelegate.swift */ = {isa = PBXFileReference; lastKnownFileType = sourcecode.swift; path = SceneDelegate.swift; sourceTree = "<group>"; };
		8B86341C29868094007113A4 /* ImagesListViewController.swift */ = {isa = PBXFileReference; lastKnownFileType = sourcecode.swift; path = ImagesListViewController.swift; sourceTree = "<group>"; };
		8B86341F29868094007113A4 /* Base */ = {isa = PBXFileReference; lastKnownFileType = file.storyboard; name = Base; path = Base.lproj/Main.storyboard; sourceTree = "<group>"; };
		8B86342129868094007113A4 /* Assets.xcassets */ = {isa = PBXFileReference; lastKnownFileType = folder.assetcatalog; path = Assets.xcassets; sourceTree = "<group>"; };
		8B86342429868094007113A4 /* Base */ = {isa = PBXFileReference; lastKnownFileType = file.storyboard; name = Base; path = Base.lproj/LaunchScreen.storyboard; sourceTree = "<group>"; };
		8B86342629868094007113A4 /* Info.plist */ = {isa = PBXFileReference; lastKnownFileType = text.plist.xml; path = Info.plist; sourceTree = "<group>"; };
		8B96108E298C3AA80017A9D8 /* ProfileViewController.swift */ = {isa = PBXFileReference; lastKnownFileType = sourcecode.swift; path = ProfileViewController.swift; sourceTree = "<group>"; };
		8BAC7B3B298C10D700C9BAC0 /* ImagesListCell.swift */ = {isa = PBXFileReference; lastKnownFileType = sourcecode.swift; path = ImagesListCell.swift; sourceTree = "<group>"; };
		8BCE15CF29B4C4660087544B /* UIBlockingProgressHUD.swift */ = {isa = PBXFileReference; lastKnownFileType = sourcecode.swift; path = UIBlockingProgressHUD.swift; sourceTree = "<group>"; };
		8BD91F2F29B1C3B5008C669D /* OAuth2TokenStorage.swift */ = {isa = PBXFileReference; lastKnownFileType = sourcecode.swift; path = OAuth2TokenStorage.swift; sourceTree = "<group>"; };
		8BD91F3229B2259E008C669D /* SplashViewController.swift */ = {isa = PBXFileReference; lastKnownFileType = sourcecode.swift; path = SplashViewController.swift; sourceTree = "<group>"; };
		8BF278F829B4FD60002B97BD /* ProfileService.swift */ = {isa = PBXFileReference; lastKnownFileType = sourcecode.swift; path = ProfileService.swift; sourceTree = "<group>"; };
		8BF278FA29B4FDAA002B97BD /* ProfileResult.swift */ = {isa = PBXFileReference; lastKnownFileType = sourcecode.swift; path = ProfileResult.swift; sourceTree = "<group>"; };
		8BF278FC29B4FF63002B97BD /* Profile.swift */ = {isa = PBXFileReference; lastKnownFileType = sourcecode.swift; path = Profile.swift; sourceTree = "<group>"; };
		8BFE9D5D298ECFEC00A60E57 /* SingleImageViewController.swift */ = {isa = PBXFileReference; lastKnownFileType = sourcecode.swift; path = SingleImageViewController.swift; sourceTree = "<group>"; };
/* End PBXFileReference section */

/* Begin PBXFrameworksBuildPhase section */
		8B86341229868094007113A4 /* Frameworks */ = {
			isa = PBXFrameworksBuildPhase;
			buildActionMask = 2147483647;
			files = (
				8B5B450629B25B3200861C96 /* ProgressHUD in Frameworks */,
			);
			runOnlyForDeploymentPostprocessing = 0;
		};
/* End PBXFrameworksBuildPhase section */

/* Begin PBXGroup section */
		8B2A6F2229BA0FBC006BF7B9 /* ProfileImage */ = {
			isa = PBXGroup;
			children = (
				8B2A6F1C29B8B8EB006BF7B9 /* ProfileImageService.swift */,
				8B2A6F1E29B8B950006BF7B9 /* UserResult.swift */,
			);
			path = ProfileImage;
			sourceTree = "<group>";
		};
		8B2A6F2329BA0FF7006BF7B9 /* ProfileData */ = {
			isa = PBXGroup;
			children = (
				8BF278F829B4FD60002B97BD /* ProfileService.swift */,
				8BF278FC29B4FF63002B97BD /* Profile.swift */,
				8BF278FA29B4FDAA002B97BD /* ProfileResult.swift */,
			);
			path = ProfileData;
			sourceTree = "<group>";
		};
		8B6AF14A29AF8D2E00D58BB4 /* Auth */ = {
			isa = PBXGroup;
			children = (
				8BD91F3129B2256F008C669D /* OAuth */,
				8B6AF14829AF8D0500D58BB4 /* AuthViewController.swift */,
				8B6AF14B29AF8E0B00D58BB4 /* WebViewViewController.swift */,
			);
			path = Auth;
			sourceTree = "<group>";
		};
		8B6AF14F29AF9E0600D58BB4 /* Profile */ = {
			isa = PBXGroup;
			children = (
				8B2A6F2329BA0FF7006BF7B9 /* ProfileData */,
				8B2A6F2229BA0FBC006BF7B9 /* ProfileImage */,
				8B96108E298C3AA80017A9D8 /* ProfileViewController.swift */,
			);
			path = Profile;
			sourceTree = "<group>";
		};
		8B6AF15029AF9E1400D58BB4 /* SingleImage */ = {
			isa = PBXGroup;
			children = (
				8BFE9D5D298ECFEC00A60E57 /* SingleImageViewController.swift */,
			);
			path = SingleImage;
			sourceTree = "<group>";
		};
		8B86340C29868093007113A4 = {
			isa = PBXGroup;
			children = (
				8B86341729868094007113A4 /* YP-ImageFeed */,
				8B86341629868094007113A4 /* Products */,
			);
			sourceTree = "<group>";
		};
		8B86341629868094007113A4 /* Products */ = {
			isa = PBXGroup;
			children = (
				8B86341529868094007113A4 /* YP-ImageFeed.app */,
			);
			name = Products;
			sourceTree = "<group>";
		};
		8B86341729868094007113A4 /* YP-ImageFeed */ = {
			isa = PBXGroup;
			children = (
				8B86341829868094007113A4 /* AppDelegate.swift */,
				8B86341A29868094007113A4 /* SceneDelegate.swift */,
				8B6AF14629AE7E9700D58BB4 /* Constants.swift */,
				8B2A6F2029B9FAC9006BF7B9 /* URLSessionExtension.swift */,
				8BCE15D129B4C92B0087544B /* SplashScreen */,
				8B6AF14A29AF8D2E00D58BB4 /* Auth */,
				8BAC7B3D298C10F900C9BAC0 /* ImagesList */,
				8B6AF15029AF9E1400D58BB4 /* SingleImage */,
				8B6AF14F29AF9E0600D58BB4 /* Profile */,
				8B86341E29868094007113A4 /* Main.storyboard */,
				8B86342329868094007113A4 /* LaunchScreen.storyboard */,
				8B86342129868094007113A4 /* Assets.xcassets */,
				8B86342629868094007113A4 /* Info.plist */,
			);
			path = "YP-ImageFeed";
			sourceTree = "<group>";
		};
		8BAC7B3D298C10F900C9BAC0 /* ImagesList */ = {
			isa = PBXGroup;
			children = (
				8B86341C29868094007113A4 /* ImagesListViewController.swift */,
				8BAC7B3B298C10D700C9BAC0 /* ImagesListCell.swift */,
			);
			path = ImagesList;
			sourceTree = "<group>";
		};
		8BCE15D129B4C92B0087544B /* SplashScreen */ = {
			isa = PBXGroup;
			children = (
				8BD91F3229B2259E008C669D /* SplashViewController.swift */,
				8BCE15CF29B4C4660087544B /* UIBlockingProgressHUD.swift */,
			);
			path = SplashScreen;
			sourceTree = "<group>";
		};
		8BD91F3129B2256F008C669D /* OAuth */ = {
			isa = PBXGroup;
			children = (
				8BD91F2F29B1C3B5008C669D /* OAuth2TokenStorage.swift */,
				8B6AF15129B0A4B400D58BB4 /* OAuthTokenResponseBody.swift */,
				8B6AF15329B0A5A400D58BB4 /* OAuth2Service.swift */,
			);
			path = OAuth;
			sourceTree = "<group>";
		};
/* End PBXGroup section */

/* Begin PBXNativeTarget section */
		8B86341429868094007113A4 /* YP-ImageFeed */ = {
			isa = PBXNativeTarget;
			buildConfigurationList = 8B86342929868094007113A4 /* Build configuration list for PBXNativeTarget "YP-ImageFeed" */;
			buildPhases = (
				8B86341129868094007113A4 /* Sources */,
				8B86341229868094007113A4 /* Frameworks */,
				8B86341329868094007113A4 /* Resources */,
			);
			buildRules = (
			);
			dependencies = (
			);
			name = "YP-ImageFeed";
			packageProductDependencies = (
				8B5B450529B25B3200861C96 /* ProgressHUD */,
			);
			productName = "YP-ImageFeed";
			productReference = 8B86341529868094007113A4 /* YP-ImageFeed.app */;
			productType = "com.apple.product-type.application";
		};
/* End PBXNativeTarget section */

/* Begin PBXProject section */
		8B86340D29868093007113A4 /* Project object */ = {
			isa = PBXProject;
			attributes = {
				BuildIndependentTargetsInParallel = 1;
				LastSwiftUpdateCheck = 1420;
				LastUpgradeCheck = 1420;
				TargetAttributes = {
					8B86341429868094007113A4 = {
						CreatedOnToolsVersion = 14.2;
					};
				};
			};
			buildConfigurationList = 8B86341029868093007113A4 /* Build configuration list for PBXProject "YP-ImageFeed" */;
			compatibilityVersion = "Xcode 14.0";
			developmentRegion = en;
			hasScannedForEncodings = 0;
			knownRegions = (
				en,
				Base,
			);
			mainGroup = 8B86340C29868093007113A4;
			packageReferences = (
				8B5B450429B25B3200861C96 /* XCRemoteSwiftPackageReference "ProgressHUD" */,
			);
			productRefGroup = 8B86341629868094007113A4 /* Products */;
			projectDirPath = "";
			projectRoot = "";
			targets = (
				8B86341429868094007113A4 /* YP-ImageFeed */,
			);
		};
/* End PBXProject section */

/* Begin PBXResourcesBuildPhase section */
		8B86341329868094007113A4 /* Resources */ = {
			isa = PBXResourcesBuildPhase;
			buildActionMask = 2147483647;
			files = (
				8B86342529868094007113A4 /* LaunchScreen.storyboard in Resources */,
				8B86342229868094007113A4 /* Assets.xcassets in Resources */,
				8B86342029868094007113A4 /* Main.storyboard in Resources */,
			);
			runOnlyForDeploymentPostprocessing = 0;
		};
/* End PBXResourcesBuildPhase section */

/* Begin PBXSourcesBuildPhase section */
		8B86341129868094007113A4 /* Sources */ = {
			isa = PBXSourcesBuildPhase;
			buildActionMask = 2147483647;
			files = (
				8B2A6F2129B9FAC9006BF7B9 /* URLSessionExtension.swift in Sources */,
				8BF278FD29B4FF63002B97BD /* Profile.swift in Sources */,
				8B86341D29868094007113A4 /* ImagesListViewController.swift in Sources */,
				8B6AF15429B0A5A400D58BB4 /* OAuth2Service.swift in Sources */,
				8BAC7B3C298C10D700C9BAC0 /* ImagesListCell.swift in Sources */,
				8B6AF15229B0A4B400D58BB4 /* OAuthTokenResponseBody.swift in Sources */,
				8BD91F3329B2259E008C669D /* SplashViewController.swift in Sources */,
				8B96108F298C3AA80017A9D8 /* ProfileViewController.swift in Sources */,
				8B86341929868094007113A4 /* AppDelegate.swift in Sources */,
				8B6AF14929AF8D0500D58BB4 /* AuthViewController.swift in Sources */,
				8B6AF14729AE7E9700D58BB4 /* Constants.swift in Sources */,
				8BFE9D5E298ECFEC00A60E57 /* SingleImageViewController.swift in Sources */,
				8B2A6F1F29B8B950006BF7B9 /* UserResult.swift in Sources */,
				8B6AF14C29AF8E0B00D58BB4 /* WebViewViewController.swift in Sources */,
				8BD91F3029B1C3B5008C669D /* OAuth2TokenStorage.swift in Sources */,
				8B86341B29868094007113A4 /* SceneDelegate.swift in Sources */,
				8BCE15D029B4C4660087544B /* UIBlockingProgressHUD.swift in Sources */,
				8B2A6F1D29B8B8EB006BF7B9 /* ProfileImageService.swift in Sources */,
				8BF278FB29B4FDAA002B97BD /* ProfileResult.swift in Sources */,
				8BF278F929B4FD60002B97BD /* ProfileService.swift in Sources */,
			);
			runOnlyForDeploymentPostprocessing = 0;
		};
/* End PBXSourcesBuildPhase section */

/* Begin PBXVariantGroup section */
		8B86341E29868094007113A4 /* Main.storyboard */ = {
			isa = PBXVariantGroup;
			children = (
				8B86341F29868094007113A4 /* Base */,
			);
			name = Main.storyboard;
			sourceTree = "<group>";
		};
		8B86342329868094007113A4 /* LaunchScreen.storyboard */ = {
			isa = PBXVariantGroup;
			children = (
				8B86342429868094007113A4 /* Base */,
			);
			name = LaunchScreen.storyboard;
			sourceTree = "<group>";
		};
/* End PBXVariantGroup section */

/* Begin XCBuildConfiguration section */
		8B86342729868094007113A4 /* Debug */ = {
			isa = XCBuildConfiguration;
			buildSettings = {
				ALWAYS_SEARCH_USER_PATHS = NO;
				CLANG_ANALYZER_NONNULL = YES;
				CLANG_ANALYZER_NUMBER_OBJECT_CONVERSION = YES_AGGRESSIVE;
				CLANG_CXX_LANGUAGE_STANDARD = "gnu++20";
				CLANG_ENABLE_MODULES = YES;
				CLANG_ENABLE_OBJC_ARC = YES;
				CLANG_ENABLE_OBJC_WEAK = YES;
				CLANG_WARN_BLOCK_CAPTURE_AUTORELEASING = YES;
				CLANG_WARN_BOOL_CONVERSION = YES;
				CLANG_WARN_COMMA = YES;
				CLANG_WARN_CONSTANT_CONVERSION = YES;
				CLANG_WARN_DEPRECATED_OBJC_IMPLEMENTATIONS = YES;
				CLANG_WARN_DIRECT_OBJC_ISA_USAGE = YES_ERROR;
				CLANG_WARN_DOCUMENTATION_COMMENTS = YES;
				CLANG_WARN_EMPTY_BODY = YES;
				CLANG_WARN_ENUM_CONVERSION = YES;
				CLANG_WARN_INFINITE_RECURSION = YES;
				CLANG_WARN_INT_CONVERSION = YES;
				CLANG_WARN_NON_LITERAL_NULL_CONVERSION = YES;
				CLANG_WARN_OBJC_IMPLICIT_RETAIN_SELF = YES;
				CLANG_WARN_OBJC_LITERAL_CONVERSION = YES;
				CLANG_WARN_OBJC_ROOT_CLASS = YES_ERROR;
				CLANG_WARN_QUOTED_INCLUDE_IN_FRAMEWORK_HEADER = YES;
				CLANG_WARN_RANGE_LOOP_ANALYSIS = YES;
				CLANG_WARN_STRICT_PROTOTYPES = YES;
				CLANG_WARN_SUSPICIOUS_MOVE = YES;
				CLANG_WARN_UNGUARDED_AVAILABILITY = YES_AGGRESSIVE;
				CLANG_WARN_UNREACHABLE_CODE = YES;
				CLANG_WARN__DUPLICATE_METHOD_MATCH = YES;
				COPY_PHASE_STRIP = NO;
				DEBUG_INFORMATION_FORMAT = dwarf;
				ENABLE_STRICT_OBJC_MSGSEND = YES;
				ENABLE_TESTABILITY = YES;
				GCC_C_LANGUAGE_STANDARD = gnu11;
				GCC_DYNAMIC_NO_PIC = NO;
				GCC_NO_COMMON_BLOCKS = YES;
				GCC_OPTIMIZATION_LEVEL = 0;
				GCC_PREPROCESSOR_DEFINITIONS = (
					"DEBUG=1",
					"$(inherited)",
				);
				GCC_WARN_64_TO_32_BIT_CONVERSION = YES;
				GCC_WARN_ABOUT_RETURN_TYPE = YES_ERROR;
				GCC_WARN_UNDECLARED_SELECTOR = YES;
				GCC_WARN_UNINITIALIZED_AUTOS = YES_AGGRESSIVE;
				GCC_WARN_UNUSED_FUNCTION = YES;
				GCC_WARN_UNUSED_VARIABLE = YES;
				IPHONEOS_DEPLOYMENT_TARGET = 16.2;
				MTL_ENABLE_DEBUG_INFO = INCLUDE_SOURCE;
				MTL_FAST_MATH = YES;
				ONLY_ACTIVE_ARCH = YES;
				SDKROOT = iphoneos;
				SWIFT_ACTIVE_COMPILATION_CONDITIONS = DEBUG;
				SWIFT_OPTIMIZATION_LEVEL = "-Onone";
			};
			name = Debug;
		};
		8B86342829868094007113A4 /* Release */ = {
			isa = XCBuildConfiguration;
			buildSettings = {
				ALWAYS_SEARCH_USER_PATHS = NO;
				CLANG_ANALYZER_NONNULL = YES;
				CLANG_ANALYZER_NUMBER_OBJECT_CONVERSION = YES_AGGRESSIVE;
				CLANG_CXX_LANGUAGE_STANDARD = "gnu++20";
				CLANG_ENABLE_MODULES = YES;
				CLANG_ENABLE_OBJC_ARC = YES;
				CLANG_ENABLE_OBJC_WEAK = YES;
				CLANG_WARN_BLOCK_CAPTURE_AUTORELEASING = YES;
				CLANG_WARN_BOOL_CONVERSION = YES;
				CLANG_WARN_COMMA = YES;
				CLANG_WARN_CONSTANT_CONVERSION = YES;
				CLANG_WARN_DEPRECATED_OBJC_IMPLEMENTATIONS = YES;
				CLANG_WARN_DIRECT_OBJC_ISA_USAGE = YES_ERROR;
				CLANG_WARN_DOCUMENTATION_COMMENTS = YES;
				CLANG_WARN_EMPTY_BODY = YES;
				CLANG_WARN_ENUM_CONVERSION = YES;
				CLANG_WARN_INFINITE_RECURSION = YES;
				CLANG_WARN_INT_CONVERSION = YES;
				CLANG_WARN_NON_LITERAL_NULL_CONVERSION = YES;
				CLANG_WARN_OBJC_IMPLICIT_RETAIN_SELF = YES;
				CLANG_WARN_OBJC_LITERAL_CONVERSION = YES;
				CLANG_WARN_OBJC_ROOT_CLASS = YES_ERROR;
				CLANG_WARN_QUOTED_INCLUDE_IN_FRAMEWORK_HEADER = YES;
				CLANG_WARN_RANGE_LOOP_ANALYSIS = YES;
				CLANG_WARN_STRICT_PROTOTYPES = YES;
				CLANG_WARN_SUSPICIOUS_MOVE = YES;
				CLANG_WARN_UNGUARDED_AVAILABILITY = YES_AGGRESSIVE;
				CLANG_WARN_UNREACHABLE_CODE = YES;
				CLANG_WARN__DUPLICATE_METHOD_MATCH = YES;
				COPY_PHASE_STRIP = NO;
				DEBUG_INFORMATION_FORMAT = "dwarf-with-dsym";
				ENABLE_NS_ASSERTIONS = NO;
				ENABLE_STRICT_OBJC_MSGSEND = YES;
				GCC_C_LANGUAGE_STANDARD = gnu11;
				GCC_NO_COMMON_BLOCKS = YES;
				GCC_WARN_64_TO_32_BIT_CONVERSION = YES;
				GCC_WARN_ABOUT_RETURN_TYPE = YES_ERROR;
				GCC_WARN_UNDECLARED_SELECTOR = YES;
				GCC_WARN_UNINITIALIZED_AUTOS = YES_AGGRESSIVE;
				GCC_WARN_UNUSED_FUNCTION = YES;
				GCC_WARN_UNUSED_VARIABLE = YES;
				IPHONEOS_DEPLOYMENT_TARGET = 16.2;
				MTL_ENABLE_DEBUG_INFO = NO;
				MTL_FAST_MATH = YES;
				SDKROOT = iphoneos;
				SWIFT_COMPILATION_MODE = wholemodule;
				SWIFT_OPTIMIZATION_LEVEL = "-O";
				VALIDATE_PRODUCT = YES;
			};
			name = Release;
		};
		8B86342A29868094007113A4 /* Debug */ = {
			isa = XCBuildConfiguration;
			buildSettings = {
				ASSETCATALOG_COMPILER_APPICON_NAME = AppIcon;
				ASSETCATALOG_COMPILER_GLOBAL_ACCENT_COLOR_NAME = AccentColor;
				CODE_SIGN_STYLE = Automatic;
				CURRENT_PROJECT_VERSION = 1;
				DEVELOPMENT_TEAM = VJ2CVRDMSL;
				GENERATE_INFOPLIST_FILE = YES;
				INFOPLIST_FILE = "YP-ImageFeed/Info.plist";
				INFOPLIST_KEY_UIApplicationSupportsIndirectInputEvents = YES;
				INFOPLIST_KEY_UILaunchStoryboardName = LaunchScreen;
				INFOPLIST_KEY_UIMainStoryboardFile = Main;
				INFOPLIST_KEY_UISupportedInterfaceOrientations = UIInterfaceOrientationPortrait;
				INFOPLIST_KEY_UISupportedInterfaceOrientations_iPad = "UIInterfaceOrientationLandscapeLeft UIInterfaceOrientationLandscapeRight UIInterfaceOrientationPortrait UIInterfaceOrientationPortraitUpsideDown";
				IPHONEOS_DEPLOYMENT_TARGET = 13.0;
				LD_RUNPATH_SEARCH_PATHS = (
					"$(inherited)",
					"@executable_path/Frameworks",
				);
				MARKETING_VERSION = 1.0;
				PRODUCT_BUNDLE_IDENTIFIER = "com.miamib34ch.YP-ImageFeed";
				PRODUCT_NAME = "$(TARGET_NAME)";
				SUPPORTED_PLATFORMS = "iphoneos iphonesimulator";
				SUPPORTS_MACCATALYST = NO;
				SUPPORTS_MAC_DESIGNED_FOR_IPHONE_IPAD = YES;
				SWIFT_EMIT_LOC_STRINGS = YES;
				SWIFT_VERSION = 5.0;
				TARGETED_DEVICE_FAMILY = 1;
			};
			name = Debug;
		};
		8B86342B29868094007113A4 /* Release */ = {
			isa = XCBuildConfiguration;
			buildSettings = {
				ASSETCATALOG_COMPILER_APPICON_NAME = AppIcon;
				ASSETCATALOG_COMPILER_GLOBAL_ACCENT_COLOR_NAME = AccentColor;
				CODE_SIGN_STYLE = Automatic;
				CURRENT_PROJECT_VERSION = 1;
				DEVELOPMENT_TEAM = VJ2CVRDMSL;
				GENERATE_INFOPLIST_FILE = YES;
				INFOPLIST_FILE = "YP-ImageFeed/Info.plist";
				INFOPLIST_KEY_UIApplicationSupportsIndirectInputEvents = YES;
				INFOPLIST_KEY_UILaunchStoryboardName = LaunchScreen;
				INFOPLIST_KEY_UIMainStoryboardFile = Main;
				INFOPLIST_KEY_UISupportedInterfaceOrientations = UIInterfaceOrientationPortrait;
				INFOPLIST_KEY_UISupportedInterfaceOrientations_iPad = "UIInterfaceOrientationLandscapeLeft UIInterfaceOrientationLandscapeRight UIInterfaceOrientationPortrait UIInterfaceOrientationPortraitUpsideDown";
				IPHONEOS_DEPLOYMENT_TARGET = 13.0;
				LD_RUNPATH_SEARCH_PATHS = (
					"$(inherited)",
					"@executable_path/Frameworks",
				);
				MARKETING_VERSION = 1.0;
				PRODUCT_BUNDLE_IDENTIFIER = "com.miamib34ch.YP-ImageFeed";
				PRODUCT_NAME = "$(TARGET_NAME)";
				SUPPORTED_PLATFORMS = "iphoneos iphonesimulator";
				SUPPORTS_MACCATALYST = NO;
				SUPPORTS_MAC_DESIGNED_FOR_IPHONE_IPAD = YES;
				SWIFT_EMIT_LOC_STRINGS = YES;
				SWIFT_VERSION = 5.0;
				TARGETED_DEVICE_FAMILY = 1;
			};
			name = Release;
		};
/* End XCBuildConfiguration section */

/* Begin XCConfigurationList section */
		8B86341029868093007113A4 /* Build configuration list for PBXProject "YP-ImageFeed" */ = {
			isa = XCConfigurationList;
			buildConfigurations = (
				8B86342729868094007113A4 /* Debug */,
				8B86342829868094007113A4 /* Release */,
			);
			defaultConfigurationIsVisible = 0;
			defaultConfigurationName = Release;
		};
		8B86342929868094007113A4 /* Build configuration list for PBXNativeTarget "YP-ImageFeed" */ = {
			isa = XCConfigurationList;
			buildConfigurations = (
				8B86342A29868094007113A4 /* Debug */,
				8B86342B29868094007113A4 /* Release */,
			);
			defaultConfigurationIsVisible = 0;
			defaultConfigurationName = Release;
		};
/* End XCConfigurationList section */

/* Begin XCRemoteSwiftPackageReference section */
		8B5B450429B25B3200861C96 /* XCRemoteSwiftPackageReference "ProgressHUD" */ = {
			isa = XCRemoteSwiftPackageReference;
			repositoryURL = "https://github.com/relatedcode/ProgressHUD";
			requirement = {
				kind = exactVersion;
				version = 13.6.2;
			};
		};
/* End XCRemoteSwiftPackageReference section */

/* Begin XCSwiftPackageProductDependency section */
		8B5B450529B25B3200861C96 /* ProgressHUD */ = {
			isa = XCSwiftPackageProductDependency;
			package = 8B5B450429B25B3200861C96 /* XCRemoteSwiftPackageReference "ProgressHUD" */;
			productName = ProgressHUD;
		};
/* End XCSwiftPackageProductDependency section */
	};
	rootObject = 8B86340D29868093007113A4 /* Project object */;
}
